
Microsoft Visual Studio Solution File, Format Version 12.00
# Visual Studio Version 17
VisualStudioVersion = 17.0.31903.59
MinimumVisualStudioVersion = 10.0.40219.1
Project("{FAE04EC0-301F-11D3-BF4B-00C04F79EFBC}") = "SyncthingWindowsLauncher", "SyncthingWindowsLauncher\SyncthingWindowsLauncher.csproj", "{FAC1536A-D53D-4C56-A050-E23418F2BADD}"
EndProject
Global
	GlobalSection(SolutionConfigurationPlatforms) = preSolution
		Debug|Any CPU = Debug|Any CPU
		Release|Any CPU = Release|Any CPU
	EndGlobalSection
	GlobalSection(ProjectConfigurationPlatforms) = postSolution
		{FAC1536A-D53D-4C56-A050-E23418F2BADD}.Debug|Any CPU.ActiveCfg = Debug|Any CPU
		{FAC1536A-D53D-4C56-A050-E23418F2BADD}.Debug|Any CPU.Build.0 = Debug|Any CPU
		{FAC1536A-D53D-4C56-A050-E23418F2BADD}.Release|Any CPU.ActiveCfg = Release|Any CPU
		{FAC1536A-D53D-4C56-A050-E23418F2BADD}.Release|Any CPU.Build.0 = Release|Any CPU
	EndGlobalSection
	GlobalSection(SolutionProperties) = preSolution
		HideSolutionNode = FALSE
	EndGlobalSection
	GlobalSection(ExtensibilityGlobals) = postSolution
		SolutionGuid = {6B8EB586-2B1A-4178-BF9F-74885F20663A}
	EndGlobalSection
EndGlobal
